<Solution>
  <Folder Name="/src/">
    <Project Path="AlertaService/AlertaService.csproj" />
    <Project Path="AuthService/AuthService.csproj" />
    <Project Path="ProproedadeService/PropriedadeService.csproj" />
    <Project Path="SersorService/SersorService.csproj" />
  </Folder>
  <Folder Name="/tests/">
    <Project Path="PropriedadeService.Tests/PropriedadeServiceTests.csproj" />
  </Folder>
</Solution>
