<Solution>
  <Folder Name="/src/">
    <Project Path="../AuthService/AuthService.csproj" />
    <Project Path="../ProproedadeService/PropriedadeService.csproj" />
    <Project Path="../SersorService/SersorService.csproj" />
    <Project Path="AlertaService.csproj" />
  </Folder>
  <Folder Name="/tests/">
    <Project Path="../PropriedadeService.Tests/PropriedadeServiceTests.csproj" Id="a57220a5-1abb-4639-8ec5-ef20411913cf" />
  </Folder>
</Solution>
